<?xml version="1.0" encoding="utf-8"?>
<Project ToolsVersion="4.0" xmlns="http://schemas.microsoft.com/developer/msbuild/2003">
  <ItemGroup>
    <Filter Include="Исходные файлы">
      <UniqueIdentifier>{4FC737F1-C7A5-4376-A066-2A32D752A2FF}</UniqueIdentifier>
      <Extensions>cpp;c;cc;cxx;c++;cppm;ixx;def;odl;idl;hpj;bat;asm;asmx</Extensions>
    </Filter>
    <Filter Include="Файлы заголовков">
      <UniqueIdentifier>{93995380-89BD-4b04-88EB-625FBE52EBFB}</UniqueIdentifier>
      <Extensions>h;hh;hpp;hxx;h++;hm;inl;inc;ipp;xsd</Extensions>
    </Filter>
    <Filter Include="Файлы ресурсов">
      <UniqueIdentifier>{67DA6AB6-F800-4c08-8B7A-83BB121AAD01}</UniqueIdentifier>
      <Extensions>rc;ico;cur;bmp;dlg;rc2;rct;bin;rgs;gif;jpg;jpeg;jpe;resx;tiff;tif;png;wav;mfcribbon-ms</Extensions>
    </Filter>
    <Filter Include="Формы">
      <UniqueIdentifier>{3885d3ae-d63a-4d9a-a06d-e0207bdcd70c}</UniqueIdentifier>
    </Filter>
  </ItemGroup>
  <ItemGroup>
    <ClCompile Include="main.cpp">
      <Filter>Исходные файлы</Filter>
    </ClCompile>
    <ClCompile Include="functions.cpp">
      <Filter>Исходные файлы</Filter>
    </ClCompile>
    <ClCompile Include="Spell.cpp">
      <Filter>Исходные файлы</Filter>
    </ClCompile>
    <ClCompile Include="SpellBook.cpp">
      <Filter>Исходные файлы</Filter>
    </ClCompile>
    <ClCompile Include="Character.cpp">
      <Filter>Исходные файлы</Filter>
    </ClCompile>
    <ClCompile Include="Hero.cpp">
      <Filter>Исходные файлы</Filter>
    </ClCompile>
    <ClCompile Include="MainWindow.cpp">
      <Filter>Исходные файлы</Filter>
    </ClCompile>
    <ClCompile Include="SecondWindow.cpp">
      <Filter>Исходные файлы</Filter>
    </ClCompile>
    <ClCompile Include="SaveWindow.cpp">
      <Filter>Исходные файлы</Filter>
    </ClCompile>
    <ClCompile Include="SaveSlot.cpp">
      <Filter>Исходные файлы</Filter>
    </ClCompile>
    <ClCompile Include="Game.cpp">
      <Filter>Исходные файлы</Filter>
    </ClCompile>
    <ClCompile Include="Battle.cpp">
      <Filter>Исходные файлы</Filter>
    </ClCompile>
    <ClCompile Include="Enemy.cpp">
      <Filter>Исходные файлы</Filter>
    </ClCompile>
    <ClCompile Include="StoryStage.cpp">
      <Filter>Исходные файлы</Filter>
    </ClCompile>
    <ClCompile Include="StoryManager.cpp">
      <Filter>Исходные файлы</Filter>
    </ClCompile>
  </ItemGroup>
  <ItemGroup>
    <None Include="31Lw24a.vcxproj">
      <Filter>Файлы ресурсов</Filter>
    </None>
    <None Include="..\sonar-project.properties" />
    <None Include="resources\DefaultSave.json" />
  </ItemGroup>
  <ItemGroup>
    <ClInclude Include="header\functions.h">
      <Filter>Файлы заголовков</Filter>
    </ClInclude>
    <ClInclude Include="header\Spell.h">
      <Filter>Файлы заголовков</Filter>
    </ClInclude>
    <ClInclude Include="header\SpellBook.h">
      <Filter>Файлы заголовков</Filter>
    </ClInclude>
    <ClInclude Include="header\character.h">
      <Filter>Файлы заголовков</Filter>
    </ClInclude>
    <ClInclude Include="header\Hero.h">
      <Filter>Файлы заголовков</Filter>
    </ClInclude>
    <ClInclude Include="header\Game.h">
      <Filter>Файлы заголовков</Filter>
    </ClInclude>
    <ClInclude Include="header\Battle.h">
      <Filter>Файлы заголовков</Filter>
    </ClInclude>
    <ClInclude Include="header\Enemy.h">
      <Filter>Файлы заголовков</Filter>
    </ClInclude>
    <ClInclude Include="header\StoryStage.h">
      <Filter>Файлы заголовков</Filter>
    </ClInclude>
    <ClInclude Include="header\StoryManager.h">
      <Filter>Файлы заголовков</Filter>
    </ClInclude>
  </ItemGroup>
  <ItemGroup>
    <QtMoc Include="header\SecondWindow.h">
      <Filter>Файлы заголовков</Filter>
    </QtMoc>
    <QtMoc Include="header\MainWindow.h">
      <Filter>Файлы заголовков</Filter>
    </QtMoc>
    <QtMoc Include="header\SaveSlot.h">
      <Filter>Файлы заголовков</Filter>
    </QtMoc>
    <QtMoc Include="header\SaveWindow.h">
      <Filter>Файлы заголовков</Filter>
    </QtMoc>
  </ItemGroup>
  <ItemGroup>
    <QtUic Include="MainWindow.ui">
      <Filter>Формы</Filter>
    </QtUic>
    <QtUic Include="SecondWindow.ui">
      <Filter>Формы</Filter>
    </QtUic>
    <QtUic Include="DialogButtonRight1.ui">
      <Filter>Формы</Filter>
    </QtUic>
    <QtUic Include="SaveWindow.ui">
      <Filter>Формы</Filter>
    </QtUic>
    <QtUic Include="SaveSlot.ui">
      <Filter>Формы</Filter>
    </QtUic>
  </ItemGroup>
  <ItemGroup>
    <QtRcc Include="Resource.qrc">
      <Filter>Файлы ресурсов</Filter>
    </QtRcc>
  </ItemGroup>
</Project>